
Microsoft Visual Studio Solution File, Format Version 12.00
# Visual Studio Version 16
VisualStudioVersion = 16.0.29519.87
MinimumVisualStudioVersion = 10.0.40219.1
Project("{FAE04EC0-301F-11D3-BF4B-00C04F79EFBC}") = "Summaries", "Summaries.csproj", "{10B59A53-AC2C-4BC5-AC42-96E5F7CDD920}"
EndProject
Global
	GlobalSection(SolutionConfigurationPlatforms) = preSolution
		Debug|Any CPU = Debug|Any CPU
		Release|Any CPU = Release|Any CPU
	EndGlobalSection
	GlobalSection(ProjectConfigurationPlatforms) = postSolution
		{10B59A53-AC2C-4BC5-AC42-96E5F7CDD920}.Debug|Any CPU.ActiveCfg = Debug|Any CPU
		{10B59A53-AC2C-4BC5-AC42-96E5F7CDD920}.Debug|Any CPU.Build.0 = Debug|Any CPU
		{10B59A53-AC2C-4BC5-AC42-96E5F7CDD920}.Release|Any CPU.ActiveCfg = Release|Any CPU
		{10B59A53-AC2C-4BC5-AC42-96E5F7CDD920}.Release|Any CPU.Build.0 = Release|Any CPU
	EndGlobalSection
	GlobalSection(SolutionProperties) = preSolution
		HideSolutionNode = FALSE
	EndGlobalSection
	GlobalSection(ExtensibilityGlobals) = postSolution
		SolutionGuid = {2ACCD3E1-CD64-4EEB-B063-B5006FA852B0}
	EndGlobalSection
EndGlobal
